
Microsoft Visual Studio Solution File, Format Version 12.00
# Visual Studio Version 17
VisualStudioVersion = 17.11.35327.3
MinimumVisualStudioVersion = 10.0.40219.1
Project("{FAE04EC0-301F-11D3-BF4B-00C04F79EFBC}") = "BulkyWeb", "BulkyWeb\BulkyWeb.csproj", "{74E420B4-9B96-44B8-A286-D4A5064713AD}"
EndProject
Global
	GlobalSection(SolutionConfigurationPlatforms) = preSolution
		Debug|Any CPU = Debug|Any CPU
		Release|Any CPU = Release|Any CPU
	EndGlobalSection
	GlobalSection(ProjectConfigurationPlatforms) = postSolution
		{74E420B4-9B96-44B8-A286-D4A5064713AD}.Debug|Any CPU.ActiveCfg = Debug|Any CPU
		{74E420B4-9B96-44B8-A286-D4A5064713AD}.Debug|Any CPU.Build.0 = Debug|Any CPU
		{74E420B4-9B96-44B8-A286-D4A5064713AD}.Release|Any CPU.ActiveCfg = Release|Any CPU
		{74E420B4-9B96-44B8-A286-D4A5064713AD}.Release|Any CPU.Build.0 = Release|Any CPU
	EndGlobalSection
	GlobalSection(SolutionProperties) = preSolution
		HideSolutionNode = FALSE
	EndGlobalSection
	GlobalSection(ExtensibilityGlobals) = postSolution
		SolutionGuid = {5A47EF0F-1FD5-4AAD-808A-601EBDFB5E1E}
	EndGlobalSection
EndGlobal
